
Microsoft Visual Studio Solution File, Format Version 12.00
# Visual Studio Version 17
VisualStudioVersion = 17.7.34031.279
MinimumVisualStudioVersion = 10.0.40219.1
Project("{FAE04EC0-301F-11D3-BF4B-00C04F79EFBC}") = "ejercicioExamenPersonalizado", "ejercicioExamenPersonalizado.csproj", "{A1487537-0A4E-4EDB-ADEE-3A4787EBA165}"
EndProject
Global
	GlobalSection(SolutionConfigurationPlatforms) = preSolution
		Debug|Any CPU = Debug|Any CPU
		Release|Any CPU = Release|Any CPU
	EndGlobalSection
	GlobalSection(ProjectConfigurationPlatforms) = postSolution
		{A1487537-0A4E-4EDB-ADEE-3A4787EBA165}.Debug|Any CPU.ActiveCfg = Debug|Any CPU
		{A1487537-0A4E-4EDB-ADEE-3A4787EBA165}.Debug|Any CPU.Build.0 = Debug|Any CPU
		{A1487537-0A4E-4EDB-ADEE-3A4787EBA165}.Release|Any CPU.ActiveCfg = Release|Any CPU
		{A1487537-0A4E-4EDB-ADEE-3A4787EBA165}.Release|Any CPU.Build.0 = Release|Any CPU
	EndGlobalSection
	GlobalSection(SolutionProperties) = preSolution
		HideSolutionNode = FALSE
	EndGlobalSection
	GlobalSection(ExtensibilityGlobals) = postSolution
		SolutionGuid = {85E51BDC-9608-4E12-BEFC-4785746ED590}
	EndGlobalSection
EndGlobal
